// !$*UTF8*$!
{
	archiveVersion = 1;
	classes = {
	};
	objectVersion = 46;
	objects = {

/* Begin PBXBuildFile section */
		834FDED11C68BF0B0038C07E /* AppDelegate.swift in Sources */ = {isa = PBXBuildFile; fileRef = 834FDED01C68BF0B0038C07E /* AppDelegate.swift */; };
		834FDED31C68BF0B0038C07E /* ViewController.swift in Sources */ = {isa = PBXBuildFile; fileRef = 834FDED21C68BF0B0038C07E /* ViewController.swift */; };
		834FDED61C68BF0B0038C07E /* Main.storyboard in Resources */ = {isa = PBXBuildFile; fileRef = 834FDED41C68BF0B0038C07E /* Main.storyboard */; };
		834FDED81C68BF0B0038C07E /* Assets.xcassets in Resources */ = {isa = PBXBuildFile; fileRef = 834FDED71C68BF0B0038C07E /* Assets.xcassets */; };
		834FDEDB1C68BF0B0038C07E /* LaunchScreen.storyboard in Resources */ = {isa = PBXBuildFile; fileRef = 834FDED91C68BF0B0038C07E /* LaunchScreen.storyboard */; };
		834FDEE41C68C86B0038C07E /* HomeModel.swift in Sources */ = {isa = PBXBuildFile; fileRef = 834FDEE31C68C86B0038C07E /* HomeModel.swift */; };
		834FDEE61C68C89A0038C07E /* LocationModel.swift in Sources */ = {isa = PBXBuildFile; fileRef = 834FDEE51C68C89A0038C07E /* LocationModel.swift */; };
/* End PBXBuildFile section */

/* Begin PBXFileReference section */
		834FDECD1C68BF0B0038C07E /* dbtest.app */ = {isa = PBXFileReference; explicitFileType = wrapper.application; includeInIndex = 0; path = dbtest.app; sourceTree = BUILT_PRODUCTS_DIR; };
		834FDED01C68BF0B0038C07E /* AppDelegate.swift */ = {isa = PBXFileReference; lastKnownFileType = sourcecode.swift; path = AppDelegate.swift; sourceTree = "<group>"; };
		834FDED21C68BF0B0038C07E /* ViewController.swift */ = {isa = PBXFileReference; lastKnownFileType = sourcecode.swift; path = ViewController.swift; sourceTree = "<group>"; };
		834FDED51C68BF0B0038C07E /* Base */ = {isa = PBXFileReference; lastKnownFileType = file.storyboard; name = Base; path = Base.lproj/Main.storyboard; sourceTree = "<group>"; };
		834FDED71C68BF0B0038C07E /* Assets.xcassets */ = {isa = PBXFileReference; lastKnownFileType = folder.assetcatalog; path = Assets.xcassets; sourceTree = "<group>"; };
		834FDEDA1C68BF0B0038C07E /* Base */ = {isa = PBXFileReference; lastKnownFileType = file.storyboard; name = Base; path = Base.lproj/LaunchScreen.storyboard; sourceTree = "<group>"; };
		834FDEDC1C68BF0B0038C07E /* Info.plist */ = {isa = PBXFileReference; lastKnownFileType = text.plist.xml; path = Info.plist; sourceTree = "<group>"; };
		834FDEE31C68C86B0038C07E /* HomeModel.swift */ = {isa = PBXFileReference; fileEncoding = 4; lastKnownFileType = sourcecode.swift; path = HomeModel.swift; sourceTree = "<group>"; };
		834FDEE51C68C89A0038C07E /* LocationModel.swift */ = {isa = PBXFileReference; fileEncoding = 4; lastKnownFileType = sourcecode.swift; path = LocationModel.swift; sourceTree = "<group>"; };
/* End PBXFileReference section */

/* Begin PBXFrameworksBuildPhase section */
		834FDECA1C68BF0B0038C07E /* Frameworks */ = {
			isa = PBXFrameworksBuildPhase;
			buildActionMask = 2147483647;
			files = (
			);
			runOnlyForDeploymentPostprocessing = 0;
		};
/* End PBXFrameworksBuildPhase section */

/* Begin PBXGroup section */
		834FDEC41C68BF0B0038C07E = {
			isa = PBXGroup;
			children = (
				834FDECF1C68BF0B0038C07E /* dbtest */,
				834FDECE1C68BF0B0038C07E /* Products */,
			);
			sourceTree = "<group>";
		};
		834FDECE1C68BF0B0038C07E /* Products */ = {
			isa = PBXGroup;
			children = (
				834FDECD1C68BF0B0038C07E /* dbtest.app */,
			);
			name = Products;
			sourceTree = "<group>";
		};
		834FDECF1C68BF0B0038C07E /* dbtest */ = {
			isa = PBXGroup;
			children = (
				834FDED01C68BF0B0038C07E /* AppDelegate.swift */,
				834FDED21C68BF0B0038C07E /* ViewController.swift */,
				834FDED41C68BF0B0038C07E /* Main.storyboard */,
				834FDED71C68BF0B0038C07E /* Assets.xcassets */,
				834FDED91C68BF0B0038C07E /* LaunchScreen.storyboard */,
				834FDEDC1C68BF0B0038C07E /* Info.plist */,
				834FDEE31C68C86B0038C07E /* HomeModel.swift */,
				834FDEE51C68C89A0038C07E /* LocationModel.swift */,
			);
			path = dbtest;
			sourceTree = "<group>";
		};
/* End PBXGroup section */

/* Begin PBXNativeTarget section */
		834FDECC1C68BF0B0038C07E /* dbtest */ = {
			isa = PBXNativeTarget;
			buildConfigurationList = 834FDEDF1C68BF0B0038C07E /* Build configuration list for PBXNativeTarget "dbtest" */;
			buildPhases = (
				834FDEC91C68BF0B0038C07E /* Sources */,
				834FDECA1C68BF0B0038C07E /* Frameworks */,
				834FDECB1C68BF0B0038C07E /* Resources */,
			);
			buildRules = (
			);
			dependencies = (
			);
			name = dbtest;
			productName = dbtest;
			productReference = 834FDECD1C68BF0B0038C07E /* dbtest.app */;
			productType = "com.apple.product-type.application";
		};
/* End PBXNativeTarget section */

/* Begin PBXProject section */
		834FDEC51C68BF0B0038C07E /* Project object */ = {
			isa = PBXProject;
			attributes = {
				LastSwiftUpdateCheck = 0720;
				LastUpgradeCheck = 0720;
				ORGANIZATIONNAME = "Kinch Systems";
				TargetAttributes = {
					834FDECC1C68BF0B0038C07E = {
						CreatedOnToolsVersion = 7.2.1;
						DevelopmentTeam = 3X7V4ZN83H;
					};
				};
			};
			buildConfigurationList = 834FDEC81C68BF0B0038C07E /* Build configuration list for PBXProject "dbtest" */;
			compatibilityVersion = "Xcode 3.2";
			developmentRegion = English;
			hasScannedForEncodings = 0;
			knownRegions = (
				en,
				Base,
			);
			mainGroup = 834FDEC41C68BF0B0038C07E;
			productRefGroup = 834FDECE1C68BF0B0038C07E /* Products */;
			projectDirPath = "";
			projectRoot = "";
			targets = (
				834FDECC1C68BF0B0038C07E /* dbtest */,
			);
		};
/* End PBXProject section */

/* Begin PBXResourcesBuildPhase section */
		834FDECB1C68BF0B0038C07E /* Resources */ = {
			isa = PBXResourcesBuildPhase;
			buildActionMask = 2147483647;
			files = (
				834FDEDB1C68BF0B0038C07E /* LaunchScreen.storyboard in Resources */,
				834FDED81C68BF0B0038C07E /* Assets.xcassets in Resources */,
				834FDED61C68BF0B0038C07E /* Main.storyboard in Resources */,
			);
			runOnlyForDeploymentPostprocessing = 0;
		};
/* End PBXResourcesBuildPhase section */

/* Begin PBXSourcesBuildPhase section */
		834FDEC91C68BF0B0038C07E /* Sources */ = {
			isa = PBXSourcesBuildPhase;
			buildActionMask = 2147483647;
			files = (
				834FDEE61C68C89A0038C07E /* LocationModel.swift in Sources */,
				834FDED31C68BF0B0038C07E /* ViewController.swift in Sources */,
				834FDED11C68BF0B0038C07E /* AppDelegate.swift in Sources */,
				834FDEE41C68C86B0038C07E /* HomeModel.swift in Sources */,
			);
			runOnlyForDeploymentPostprocessing = 0;
		};
/* End PBXSourcesBuildPhase section */

/* Begin PBXVariantGroup section */
		834FDED41C68BF0B0038C07E /* Main.storyboard */ = {
			isa = PBXVariantGroup;
			children = (
				834FDED51C68BF0B0038C07E /* Base */,
			);
			name = Main.storyboard;
			sourceTree = "<group>";
		};
		834FDED91C68BF0B0038C07E /* LaunchScreen.storyboard */ = {
			isa = PBXVariantGroup;
			children = (
				834FDEDA1C68BF0B0038C07E /* Base */,
			);
			name = LaunchScreen.storyboard;
			sourceTree = "<group>";
		};
/* End PBXVariantGroup section */

/* Begin XCBuildConfiguration section */
		834FDEDD1C68BF0B0038C07E /* Debug */ = {
			isa = XCBuildConfiguration;
			buildSettings = {
				ALWAYS_SEARCH_USER_PATHS = NO;
				CLANG_CXX_LANGUAGE_STANDARD = "gnu++0x";
				CLANG_CXX_LIBRARY = "libc++";
				CLANG_ENABLE_MODULES = YES;
				CLANG_ENABLE_OBJC_ARC = YES;
				CLANG_WARN_BOOL_CONVERSION = YES;
				CLANG_WARN_CONSTANT_CONVERSION = YES;
				CLANG_WARN_DIRECT_OBJC_ISA_USAGE = YES_ERROR;
				CLANG_WARN_EMPTY_BODY = YES;
				CLANG_WARN_ENUM_CONVERSION = YES;
				CLANG_WARN_INT_CONVERSION = YES;
				CLANG_WARN_OBJC_ROOT_CLASS = YES_ERROR;
				CLANG_WARN_UNREACHABLE_CODE = YES;
				CLANG_WARN__DUPLICATE_METHOD_MATCH = YES;
				"CODE_SIGN_IDENTITY[sdk=iphoneos*]" = "iPhone Developer";
				COPY_PHASE_STRIP = NO;
				DEBUG_INFORMATION_FORMAT = dwarf;
				ENABLE_STRICT_OBJC_MSGSEND = YES;
				ENABLE_TESTABILITY = YES;
				GCC_C_LANGUAGE_STANDARD = gnu99;
				GCC_DYNAMIC_NO_PIC = NO;
				GCC_NO_COMMON_BLOCKS = YES;
				GCC_OPTIMIZATION_LEVEL = 0;
				GCC_PREPROCESSOR_DEFINITIONS = (
					"DEBUG=1",
					"$(inherited)",
				);
				GCC_WARN_64_TO_32_BIT_CONVERSION = YES;
				GCC_WARN_ABOUT_RETURN_TYPE = YES_ERROR;
				GCC_WARN_UNDECLARED_SELECTOR = YES;
				GCC_WARN_UNINITIALIZED_AUTOS = YES_AGGRESSIVE;
				GCC_WARN_UNUSED_FUNCTION = YES;
				GCC_WARN_UNUSED_VARIABLE = YES;
				IPHONEOS_DEPLOYMENT_TARGET = 9.2;
				MTL_ENABLE_DEBUG_INFO = YES;
				ONLY_ACTIVE_ARCH = YES;
				SDKROOT = iphoneos;
				SWIFT_OPTIMIZATION_LEVEL = "-Onone";
			};
			name = Debug;
		};
		834FDEDE1C68BF0B0038C07E /* Release */ = {
			isa = XCBuildConfiguration;
			buildSettings = {
				ALWAYS_SEARCH_USER_PATHS = NO;
				CLANG_CXX_LANGUAGE_STANDARD = "gnu++0x";
				CLANG_CXX_LIBRARY = "libc++";
				CLANG_ENABLE_MODULES = YES;
				CLANG_ENABLE_OBJC_ARC = YES;
				CLANG_WARN_BOOL_CONVERSION = YES;
				CLANG_WARN_CONSTANT_CONVERSION = YES;
				CLANG_WARN_DIRECT_OBJC_ISA_USAGE = YES_ERROR;
				CLANG_WARN_EMPTY_BODY = YES;
				CLANG_WARN_ENUM_CONVERSION = YES;
				CLANG_WARN_INT_CONVERSION = YES;
				CLANG_WARN_OBJC_ROOT_CLASS = YES_ERROR;
				CLANG_WARN_UNREACHABLE_CODE = YES;
				CLANG_WARN__DUPLICATE_METHOD_MATCH = YES;
				"CODE_SIGN_IDENTITY[sdk=iphoneos*]" = "iPhone Developer";
				COPY_PHASE_STRIP = NO;
				DEBUG_INFORMATION_FORMAT = "dwarf-with-dsym";
				ENABLE_NS_ASSERTIONS = NO;
				ENABLE_STRICT_OBJC_MSGSEND = YES;
				GCC_C_LANGUAGE_STANDARD = gnu99;
				GCC_NO_COMMON_BLOCKS = YES;
				GCC_WARN_64_TO_32_BIT_CONVERSION = YES;
				GCC_WARN_ABOUT_RETURN_TYPE = YES_ERROR;
				GCC_WARN_UNDECLARED_SELECTOR = YES;
				GCC_WARN_UNINITIALIZED_AUTOS = YES_AGGRESSIVE;
				GCC_WARN_UNUSED_FUNCTION = YES;
				GCC_WARN_UNUSED_VARIABLE = YES;
				IPHONEOS_DEPLOYMENT_TARGET = 9.2;
				MTL_ENABLE_DEBUG_INFO = NO;
				SDKROOT = iphoneos;
				VALIDATE_PRODUCT = YES;
			};
			name = Release;
		};
		834FDEE01C68BF0B0038C07E /* Debug */ = {
			isa = XCBuildConfiguration;
			buildSettings = {
				ASSETCATALOG_COMPILER_APPICON_NAME = AppIcon;
				CODE_SIGN_IDENTITY = "iPhone Developer";
				INFOPLIST_FILE = dbtest/Info.plist;
				LD_RUNPATH_SEARCH_PATHS = "$(inherited) @executable_path/Frameworks";
				PRODUCT_BUNDLE_IDENTIFIER = co.uk.ksys.dbtest;
				PRODUCT_NAME = "$(TARGET_NAME)";
			};
			name = Debug;
		};
		834FDEE11C68BF0B0038C07E /* Release */ = {
			isa = XCBuildConfiguration;
			buildSettings = {
				ASSETCATALOG_COMPILER_APPICON_NAME = AppIcon;
				CODE_SIGN_IDENTITY = "iPhone Developer";
				INFOPLIST_FILE = dbtest/Info.plist;
				LD_RUNPATH_SEARCH_PATHS = "$(inherited) @executable_path/Frameworks";
				PRODUCT_BUNDLE_IDENTIFIER = co.uk.ksys.dbtest;
				PRODUCT_NAME = "$(TARGET_NAME)";
			};
			name = Release;
		};
/* End XCBuildConfiguration section */

/* Begin XCConfigurationList section */
		834FDEC81C68BF0B0038C07E /* Build configuration list for PBXProject "dbtest" */ = {
			isa = XCConfigurationList;
			buildConfigurations = (
				834FDEDD1C68BF0B0038C07E /* Debug */,
				834FDEDE1C68BF0B0038C07E /* Release */,
			);
			defaultConfigurationIsVisible = 0;
			defaultConfigurationName = Release;
		};
		834FDEDF1C68BF0B0038C07E /* Build configuration list for PBXNativeTarget "dbtest" */ = {
			isa = XCConfigurationList;
			buildConfigurations = (
				834FDEE01C68BF0B0038C07E /* Debug */,
				834FDEE11C68BF0B0038C07E /* Release */,
			);
			defaultConfigurationIsVisible = 0;
			defaultConfigurationName = Release;
		};
/* End XCConfigurationList section */
	};
	rootObject = 834FDEC51C68BF0B0038C07E /* Project object */;
}
